
Microsoft Visual Studio Solution File, Format Version 12.00
# Visual Studio Version 16
VisualStudioVersion = 16.0.31727.386
MinimumVisualStudioVersion = 10.0.40219.1
Project("{FAE04EC0-301F-11D3-BF4B-00C04F79EFBC}") = "UsefulApp.UWP", "UsefulApp\UsefulApp.UWP\UsefulApp.UWP.csproj", "{A974BD6E-C6C2-4CA0-8969-71DF67BBE785}"
EndProject
Project("{FAE04EC0-301F-11D3-BF4B-00C04F79EFBC}") = "UsefulApp.Android", "UsefulApp\UsefulApp.Android\UsefulApp.Android.csproj", "{2F33C338-34F6-4E91-909E-333EBF85AB96}"
EndProject
Project("{FAE04EC0-301F-11D3-BF4B-00C04F79EFBC}") = "UsefulApp.iOS", "UsefulApp\UsefulApp.iOS\UsefulApp.iOS.csproj", "{AC050E5B-2F8E-4E94-AD2D-E594AA7A3892}"
EndProject
Project("{FAE04EC0-301F-11D3-BF4B-00C04F79EFBC}") = "UsefulApp", "UsefulApp\UsefulApp\UsefulApp.csproj", "{CBC92031-32BE-4C8F-9B7A-108415F32508}"
EndProject
Global
	GlobalSection(SolutionConfigurationPlatforms) = preSolution
		Debug|Any CPU = Debug|Any CPU
		Debug|ARM = Debug|ARM
		Debug|iPhone = Debug|iPhone
		Debug|iPhoneSimulator = Debug|iPhoneSimulator
		Debug|x64 = Debug|x64
		Debug|x86 = Debug|x86
		Release|Any CPU = Release|Any CPU
		Release|ARM = Release|ARM
		Release|iPhone = Release|iPhone
		Release|iPhoneSimulator = Release|iPhoneSimulator
		Release|x64 = Release|x64
		Release|x86 = Release|x86
	EndGlobalSection
	GlobalSection(ProjectConfigurationPlatforms) = postSolution
		{A974BD6E-C6C2-4CA0-8969-71DF67BBE785}.Debug|Any CPU.ActiveCfg = Debug|x86
		{A974BD6E-C6C2-4CA0-8969-71DF67BBE785}.Debug|Any CPU.Build.0 = Debug|x86
		{A974BD6E-C6C2-4CA0-8969-71DF67BBE785}.Debug|Any CPU.Deploy.0 = Debug|x86
		{A974BD6E-C6C2-4CA0-8969-71DF67BBE785}.Debug|ARM.ActiveCfg = Debug|ARM
		{A974BD6E-C6C2-4CA0-8969-71DF67BBE785}.Debug|ARM.Build.0 = Debug|ARM
		{A974BD6E-C6C2-4CA0-8969-71DF67BBE785}.Debug|ARM.Deploy.0 = Debug|ARM
		{A974BD6E-C6C2-4CA0-8969-71DF67BBE785}.Debug|iPhone.ActiveCfg = Debug|x86
		{A974BD6E-C6C2-4CA0-8969-71DF67BBE785}.Debug|iPhone.Build.0 = Debug|x86
		{A974BD6E-C6C2-4CA0-8969-71DF67BBE785}.Debug|iPhone.Deploy.0 = Debug|x86
		{A974BD6E-C6C2-4CA0-8969-71DF67BBE785}.Debug|iPhoneSimulator.ActiveCfg = Debug|x86
		{A974BD6E-C6C2-4CA0-8969-71DF67BBE785}.Debug|iPhoneSimulator.Build.0 = Debug|x86
		{A974BD6E-C6C2-4CA0-8969-71DF67BBE785}.Debug|iPhoneSimulator.Deploy.0 = Debug|x86
		{A974BD6E-C6C2-4CA0-8969-71DF67BBE785}.Debug|x64.ActiveCfg = Debug|x64
		{A974BD6E-C6C2-4CA0-8969-71DF67BBE785}.Debug|x64.Build.0 = Debug|x64
		{A974BD6E-C6C2-4CA0-8969-71DF67BBE785}.Debug|x64.Deploy.0 = Debug|x64
		{A974BD6E-C6C2-4CA0-8969-71DF67BBE785}.Debug|x86.ActiveCfg = Debug|x86
		{A974BD6E-C6C2-4CA0-8969-71DF67BBE785}.Debug|x86.Build.0 = Debug|x86
		{A974BD6E-C6C2-4CA0-8969-71DF67BBE785}.Debug|x86.Deploy.0 = Debug|x86
		{A974BD6E-C6C2-4CA0-8969-71DF67BBE785}.Release|Any CPU.ActiveCfg = Release|x86
		{A974BD6E-C6C2-4CA0-8969-71DF67BBE785}.Release|Any CPU.Build.0 = Release|x86
		{A974BD6E-C6C2-4CA0-8969-71DF67BBE785}.Release|Any CPU.Deploy.0 = Release|x86
		{A974BD6E-C6C2-4CA0-8969-71DF67BBE785}.Release|ARM.ActiveCfg = Release|ARM
		{A974BD6E-C6C2-4CA0-8969-71DF67BBE785}.Release|ARM.Build.0 = Release|ARM
		{A974BD6E-C6C2-4CA0-8969-71DF67BBE785}.Release|ARM.Deploy.0 = Release|ARM
		{A974BD6E-C6C2-4CA0-8969-71DF67BBE785}.Release|iPhone.ActiveCfg = Release|x86
		{A974BD6E-C6C2-4CA0-8969-71DF67BBE785}.Release|iPhone.Build.0 = Release|x86
		{A974BD6E-C6C2-4CA0-8969-71DF67BBE785}.Release|iPhone.Deploy.0 = Release|x86
		{A974BD6E-C6C2-4CA0-8969-71DF67BBE785}.Release|iPhoneSimulator.ActiveCfg = Release|x86
		{A974BD6E-C6C2-4CA0-8969-71DF67BBE785}.Release|iPhoneSimulator.Build.0 = Release|x86
		{A974BD6E-C6C2-4CA0-8969-71DF67BBE785}.Release|iPhoneSimulator.Deploy.0 = Release|x86
		{A974BD6E-C6C2-4CA0-8969-71DF67BBE785}.Release|x64.ActiveCfg = Release|x64
		{A974BD6E-C6C2-4CA0-8969-71DF67BBE785}.Release|x64.Build.0 = Release|x64
		{A974BD6E-C6C2-4CA0-8969-71DF67BBE785}.Release|x64.Deploy.0 = Release|x64
		{A974BD6E-C6C2-4CA0-8969-71DF67BBE785}.Release|x86.ActiveCfg = Release|x86
		{A974BD6E-C6C2-4CA0-8969-71DF67BBE785}.Release|x86.Build.0 = Release|x86
		{A974BD6E-C6C2-4CA0-8969-71DF67BBE785}.Release|x86.Deploy.0 = Release|x86
		{2F33C338-34F6-4E91-909E-333EBF85AB96}.Debug|Any CPU.ActiveCfg = Debug|Any CPU
		{2F33C338-34F6-4E91-909E-333EBF85AB96}.Debug|Any CPU.Build.0 = Debug|Any CPU
		{2F33C338-34F6-4E91-909E-333EBF85AB96}.Debug|Any CPU.Deploy.0 = Debug|Any CPU
		{2F33C338-34F6-4E91-909E-333EBF85AB96}.Debug|ARM.ActiveCfg = Debug|Any CPU
		{2F33C338-34F6-4E91-909E-333EBF85AB96}.Debug|ARM.Build.0 = Debug|Any CPU
		{2F33C338-34F6-4E91-909E-333EBF85AB96}.Debug|ARM.Deploy.0 = Debug|Any CPU
		{2F33C338-34F6-4E91-909E-333EBF85AB96}.Debug|iPhone.ActiveCfg = Debug|Any CPU
		{2F33C338-34F6-4E91-909E-333EBF85AB96}.Debug|iPhone.Build.0 = Debug|Any CPU
		{2F33C338-34F6-4E91-909E-333EBF85AB96}.Debug|iPhone.Deploy.0 = Debug|Any CPU
		{2F33C338-34F6-4E91-909E-333EBF85AB96}.Debug|iPhoneSimulator.ActiveCfg = Debug|Any CPU
		{2F33C338-34F6-4E91-909E-333EBF85AB96}.Debug|iPhoneSimulator.Build.0 = Debug|Any CPU
		{2F33C338-34F6-4E91-909E-333EBF85AB96}.Debug|iPhoneSimulator.Deploy.0 = Debug|Any CPU
		{2F33C338-34F6-4E91-909E-333EBF85AB96}.Debug|x64.ActiveCfg = Debug|Any CPU
		{2F33C338-34F6-4E91-909E-333EBF85AB96}.Debug|x64.Build.0 = Debug|Any CPU
		{2F33C338-34F6-4E91-909E-333EBF85AB96}.Debug|x64.Deploy.0 = Debug|Any CPU
		{2F33C338-34F6-4E91-909E-333EBF85AB96}.Debug|x86.ActiveCfg = Debug|Any CPU
		{2F33C338-34F6-4E91-909E-333EBF85AB96}.Debug|x86.Build.0 = Debug|Any CPU
		{2F33C338-34F6-4E91-909E-333EBF85AB96}.Debug|x86.Deploy.0 = Debug|Any CPU
		{2F33C338-34F6-4E91-909E-333EBF85AB96}.Release|Any CPU.ActiveCfg = Release|Any CPU
		{2F33C338-34F6-4E91-909E-333EBF85AB96}.Release|Any CPU.Build.0 = Release|Any CPU
		{2F33C338-34F6-4E91-909E-333EBF85AB96}.Release|Any CPU.Deploy.0 = Release|Any CPU
		{2F33C338-34F6-4E91-909E-333EBF85AB96}.Release|ARM.ActiveCfg = Release|Any CPU
		{2F33C338-34F6-4E91-909E-333EBF85AB96}.Release|ARM.Build.0 = Release|Any CPU
		{2F33C338-34F6-4E91-909E-333EBF85AB96}.Release|ARM.Deploy.0 = Release|Any CPU
		{2F33C338-34F6-4E91-909E-333EBF85AB96}.Release|iPhone.ActiveCfg = Release|Any CPU
		{2F33C338-34F6-4E91-909E-333EBF85AB96}.Release|iPhone.Build.0 = Release|Any CPU
		{2F33C338-34F6-4E91-909E-333EBF85AB96}.Release|iPhone.Deploy.0 = Release|Any CPU
		{2F33C338-34F6-4E91-909E-333EBF85AB96}.Release|iPhoneSimulator.ActiveCfg = Release|Any CPU
		{2F33C338-34F6-4E91-909E-333EBF85AB96}.Release|iPhoneSimulator.Build.0 = Release|Any CPU
		{2F33C338-34F6-4E91-909E-333EBF85AB96}.Release|iPhoneSimulator.Deploy.0 = Release|Any CPU
		{2F33C338-34F6-4E91-909E-333EBF85AB96}.Release|x64.ActiveCfg = Release|Any CPU
		{2F33C338-34F6-4E91-909E-333EBF85AB96}.Release|x64.Build.0 = Release|Any CPU
		{2F33C338-34F6-4E91-909E-333EBF85AB96}.Release|x64.Deploy.0 = Release|Any CPU
		{2F33C338-34F6-4E91-909E-333EBF85AB96}.Release|x86.ActiveCfg = Release|Any CPU
		{2F33C338-34F6-4E91-909E-333EBF85AB96}.Release|x86.Build.0 = Release|Any CPU
		{2F33C338-34F6-4E91-909E-333EBF85AB96}.Release|x86.Deploy.0 = Release|Any CPU
		{AC050E5B-2F8E-4E94-AD2D-E594AA7A3892}.Debug|Any CPU.ActiveCfg = Debug|iPhoneSimulator
		{AC050E5B-2F8E-4E94-AD2D-E594AA7A3892}.Debug|Any CPU.Build.0 = Debug|iPhoneSimulator
		{AC050E5B-2F8E-4E94-AD2D-E594AA7A3892}.Debug|Any CPU.Deploy.0 = Debug|iPhoneSimulator
		{AC050E5B-2F8E-4E94-AD2D-E594AA7A3892}.Debug|ARM.ActiveCfg = Debug|iPhone
		{AC050E5B-2F8E-4E94-AD2D-E594AA7A3892}.Debug|ARM.Build.0 = Debug|iPhone
		{AC050E5B-2F8E-4E94-AD2D-E594AA7A3892}.Debug|ARM.Deploy.0 = Debug|iPhone
		{AC050E5B-2F8E-4E94-AD2D-E594AA7A3892}.Debug|iPhone.ActiveCfg = Debug|iPhone
		{AC050E5B-2F8E-4E94-AD2D-E594AA7A3892}.Debug|iPhone.Build.0 = Debug|iPhone
		{AC050E5B-2F8E-4E94-AD2D-E594AA7A3892}.Debug|iPhone.Deploy.0 = Debug|iPhone
		{AC050E5B-2F8E-4E94-AD2D-E594AA7A3892}.Debug|iPhoneSimulator.ActiveCfg = Debug|iPhoneSimulator
		{AC050E5B-2F8E-4E94-AD2D-E594AA7A3892}.Debug|iPhoneSimulator.Build.0 = Debug|iPhoneSimulator
		{AC050E5B-2F8E-4E94-AD2D-E594AA7A3892}.Debug|iPhoneSimulator.Deploy.0 = Debug|iPhoneSimulator
		{AC050E5B-2F8E-4E94-AD2D-E594AA7A3892}.Debug|x64.ActiveCfg = Debug|iPhoneSimulator
		{AC050E5B-2F8E-4E94-AD2D-E594AA7A3892}.Debug|x64.Build.0 = Debug|iPhoneSimulator
		{AC050E5B-2F8E-4E94-AD2D-E594AA7A3892}.Debug|x64.Deploy.0 = Debug|iPhoneSimulator
		{AC050E5B-2F8E-4E94-AD2D-E594AA7A3892}.Debug|x86.ActiveCfg = Debug|iPhoneSimulator
		{AC050E5B-2F8E-4E94-AD2D-E594AA7A3892}.Debug|x86.Build.0 = Debug|iPhoneSimulator
		{AC050E5B-2F8E-4E94-AD2D-E594AA7A3892}.Debug|x86.Deploy.0 = Debug|iPhoneSimulator
		{AC050E5B-2F8E-4E94-AD2D-E594AA7A3892}.Release|Any CPU.ActiveCfg = Release|iPhoneSimulator
		{AC050E5B-2F8E-4E94-AD2D-E594AA7A3892}.Release|Any CPU.Build.0 = Release|iPhoneSimulator
		{AC050E5B-2F8E-4E94-AD2D-E594AA7A3892}.Release|Any CPU.Deploy.0 = Release|iPhoneSimulator
		{AC050E5B-2F8E-4E94-AD2D-E594AA7A3892}.Release|ARM.ActiveCfg = Release|iPhoneSimulator
		{AC050E5B-2F8E-4E94-AD2D-E594AA7A3892}.Release|ARM.Build.0 = Release|iPhoneSimulator
		{AC050E5B-2F8E-4E94-AD2D-E594AA7A3892}.Release|ARM.Deploy.0 = Release|iPhoneSimulator
		{AC050E5B-2F8E-4E94-AD2D-E594AA7A3892}.Release|iPhone.ActiveCfg = Release|iPhone
		{AC050E5B-2F8E-4E94-AD2D-E594AA7A3892}.Release|iPhone.Build.0 = Release|iPhone
		{AC050E5B-2F8E-4E94-AD2D-E594AA7A3892}.Release|iPhone.Deploy.0 = Release|iPhone
		{AC050E5B-2F8E-4E94-AD2D-E594AA7A3892}.Release|iPhoneSimulator.ActiveCfg = Release|iPhoneSimulator
		{AC050E5B-2F8E-4E94-AD2D-E594AA7A3892}.Release|iPhoneSimulator.Build.0 = Release|iPhoneSimulator
		{AC050E5B-2F8E-4E94-AD2D-E594AA7A3892}.Release|iPhoneSimulator.Deploy.0 = Release|iPhoneSimulator
		{AC050E5B-2F8E-4E94-AD2D-E594AA7A3892}.Release|x64.ActiveCfg = Release|iPhoneSimulator
		{AC050E5B-2F8E-4E94-AD2D-E594AA7A3892}.Release|x64.Build.0 = Release|iPhoneSimulator
		{AC050E5B-2F8E-4E94-AD2D-E594AA7A3892}.Release|x64.Deploy.0 = Release|iPhoneSimulator
		{AC050E5B-2F8E-4E94-AD2D-E594AA7A3892}.Release|x86.ActiveCfg = Release|iPhoneSimulator
		{AC050E5B-2F8E-4E94-AD2D-E594AA7A3892}.Release|x86.Build.0 = Release|iPhoneSimulator
		{AC050E5B-2F8E-4E94-AD2D-E594AA7A3892}.Release|x86.Deploy.0 = Release|iPhoneSimulator
		{CBC92031-32BE-4C8F-9B7A-108415F32508}.Debug|Any CPU.ActiveCfg = Debug|Any CPU
		{CBC92031-32BE-4C8F-9B7A-108415F32508}.Debug|Any CPU.Build.0 = Debug|Any CPU
		{CBC92031-32BE-4C8F-9B7A-108415F32508}.Debug|Any CPU.Deploy.0 = Debug|Any CPU
		{CBC92031-32BE-4C8F-9B7A-108415F32508}.Debug|ARM.ActiveCfg = Debug|Any CPU
		{CBC92031-32BE-4C8F-9B7A-108415F32508}.Debug|ARM.Build.0 = Debug|Any CPU
		{CBC92031-32BE-4C8F-9B7A-108415F32508}.Debug|ARM.Deploy.0 = Debug|Any CPU
		{CBC92031-32BE-4C8F-9B7A-108415F32508}.Debug|iPhone.ActiveCfg = Debug|Any CPU
		{CBC92031-32BE-4C8F-9B7A-108415F32508}.Debug|iPhone.Build.0 = Debug|Any CPU
		{CBC92031-32BE-4C8F-9B7A-108415F32508}.Debug|iPhone.Deploy.0 = Debug|Any CPU
		{CBC92031-32BE-4C8F-9B7A-108415F32508}.Debug|iPhoneSimulator.ActiveCfg = Debug|Any CPU
		{CBC92031-32BE-4C8F-9B7A-108415F32508}.Debug|iPhoneSimulator.Build.0 = Debug|Any CPU
		{CBC92031-32BE-4C8F-9B7A-108415F32508}.Debug|iPhoneSimulator.Deploy.0 = Debug|Any CPU
		{CBC92031-32BE-4C8F-9B7A-108415F32508}.Debug|x64.ActiveCfg = Debug|Any CPU
		{CBC92031-32BE-4C8F-9B7A-108415F32508}.Debug|x64.Build.0 = Debug|Any CPU
		{CBC92031-32BE-4C8F-9B7A-108415F32508}.Debug|x64.Deploy.0 = Debug|Any CPU
		{CBC92031-32BE-4C8F-9B7A-108415F32508}.Debug|x86.ActiveCfg = Debug|Any CPU
		{CBC92031-32BE-4C8F-9B7A-108415F32508}.Debug|x86.Build.0 = Debug|Any CPU
		{CBC92031-32BE-4C8F-9B7A-108415F32508}.Debug|x86.Deploy.0 = Debug|Any CPU
		{CBC92031-32BE-4C8F-9B7A-108415F32508}.Release|Any CPU.ActiveCfg = Release|Any CPU
		{CBC92031-32BE-4C8F-9B7A-108415F32508}.Release|Any CPU.Build.0 = Release|Any CPU
		{CBC92031-32BE-4C8F-9B7A-108415F32508}.Release|Any CPU.Deploy.0 = Release|Any CPU
		{CBC92031-32BE-4C8F-9B7A-108415F32508}.Release|ARM.ActiveCfg = Release|Any CPU
		{CBC92031-32BE-4C8F-9B7A-108415F32508}.Release|ARM.Build.0 = Release|Any CPU
		{CBC92031-32BE-4C8F-9B7A-108415F32508}.Release|ARM.Deploy.0 = Release|Any CPU
		{CBC92031-32BE-4C8F-9B7A-108415F32508}.Release|iPhone.ActiveCfg = Release|Any CPU
		{CBC92031-32BE-4C8F-9B7A-108415F32508}.Release|iPhone.Build.0 = Release|Any CPU
		{CBC92031-32BE-4C8F-9B7A-108415F32508}.Release|iPhone.Deploy.0 = Release|Any CPU
		{CBC92031-32BE-4C8F-9B7A-108415F32508}.Release|iPhoneSimulator.ActiveCfg = Release|Any CPU
		{CBC92031-32BE-4C8F-9B7A-108415F32508}.Release|iPhoneSimulator.Build.0 = Release|Any CPU
		{CBC92031-32BE-4C8F-9B7A-108415F32508}.Release|iPhoneSimulator.Deploy.0 = Release|Any CPU
		{CBC92031-32BE-4C8F-9B7A-108415F32508}.Release|x64.ActiveCfg = Release|Any CPU
		{CBC92031-32BE-4C8F-9B7A-108415F32508}.Release|x64.Build.0 = Release|Any CPU
		{CBC92031-32BE-4C8F-9B7A-108415F32508}.Release|x64.Deploy.0 = Release|Any CPU
		{CBC92031-32BE-4C8F-9B7A-108415F32508}.Release|x86.ActiveCfg = Release|Any CPU
		{CBC92031-32BE-4C8F-9B7A-108415F32508}.Release|x86.Build.0 = Release|Any CPU
		{CBC92031-32BE-4C8F-9B7A-108415F32508}.Release|x86.Deploy.0 = Release|Any CPU
	EndGlobalSection
	GlobalSection(SolutionProperties) = preSolution
		HideSolutionNode = FALSE
	EndGlobalSection
	GlobalSection(ExtensibilityGlobals) = postSolution
		SolutionGuid = {E01CA154-FA9C-41F4-B735-0F344A3D5D84}
	EndGlobalSection
EndGlobal
